
Microsoft Visual Studio Solution File, Format Version 12.00
# Visual Studio Version 17
VisualStudioVersion = 17.14.36518.9
MinimumVisualStudioVersion = 10.0.40219.1
Project("{FAE04EC0-301F-11D3-BF4B-00C04F79EFBC}") = "WEffects", "WEffects\WEffects.csproj", "{4F066C10-4BFA-4C04-8985-E1CB6E199B09}"
	ProjectSection(ProjectDependencies) = postProject
		{9DA9F271-6D6F-40B8-A92A-4103D5123E4F} = {9DA9F271-6D6F-40B8-A92A-4103D5123E4F}
	EndProjectSection
EndProject
Project("{FAE04EC0-301F-11D3-BF4B-00C04F79EFBC}") = "Enemies", "Enemies\Enemies.csproj", "{9DA9F271-6D6F-40B8-A92A-4103D5123E4F}"
EndProject
Project("{2150E333-8FDC-42A3-9474-1A3956D46DE8}") = "Solution Items", "Solution Items", "{8EC462FD-D22E-90A8-E5CE-7E832BA40C5D}"
	ProjectSection(SolutionItems) = preProject
		README.md = README.md
	EndProjectSection
EndProject
Global
	GlobalSection(SolutionConfigurationPlatforms) = preSolution
		Debug|Any CPU = Debug|Any CPU
		Release|Any CPU = Release|Any CPU
	EndGlobalSection
	GlobalSection(ProjectConfigurationPlatforms) = postSolution
		{4F066C10-4BFA-4C04-8985-E1CB6E199B09}.Debug|Any CPU.ActiveCfg = Debug|Any CPU
		{4F066C10-4BFA-4C04-8985-E1CB6E199B09}.Debug|Any CPU.Build.0 = Debug|Any CPU
		{4F066C10-4BFA-4C04-8985-E1CB6E199B09}.Release|Any CPU.ActiveCfg = Release|Any CPU
		{4F066C10-4BFA-4C04-8985-E1CB6E199B09}.Release|Any CPU.Build.0 = Release|Any CPU
		{9DA9F271-6D6F-40B8-A92A-4103D5123E4F}.Debug|Any CPU.ActiveCfg = Debug|Any CPU
		{9DA9F271-6D6F-40B8-A92A-4103D5123E4F}.Debug|Any CPU.Build.0 = Debug|Any CPU
		{9DA9F271-6D6F-40B8-A92A-4103D5123E4F}.Release|Any CPU.ActiveCfg = Release|Any CPU
		{9DA9F271-6D6F-40B8-A92A-4103D5123E4F}.Release|Any CPU.Build.0 = Release|Any CPU
	EndGlobalSection
	GlobalSection(SolutionProperties) = preSolution
		HideSolutionNode = FALSE
	EndGlobalSection
	GlobalSection(ExtensibilityGlobals) = postSolution
		SolutionGuid = {451A759E-315C-4A51-9ACB-F5B46E8F35DD}
	EndGlobalSection
EndGlobal
